# This is a Gradle generated file for dependency locking.
# Manual edits can break the build and are not advised.
# This file is expected to be part of source control.
ch.qos.logback:logback-classic:1.3.5=ktlint
ch.qos.logback:logback-core:1.3.5=ktlint
com.fasterxml.jackson.core:jackson-annotations:2.10.3=compileClasspath,integrationTestCompileClasspath,integrationTestRuntimeClasspath,jmhCompileClasspath,jmhRuntimeClasspath,runtimeClasspath,testCompileClasspath,testRuntimeClasspath
com.fasterxml.jackson.core:jackson-annotations:2.12.7=dokkatooMkdocsGeneratorClasspathResolver
com.fasterxml.jackson.core:jackson-annotations:2.15.3=dokkaHtmlGeneratorRuntimeResolver~internal,dokkaJavadocGeneratorRuntimeResolver~internal
com.fasterxml.jackson.core:jackson-core:2.12.7=dokkatooMkdocsGeneratorClasspathResolver
com.fasterxml.jackson.core:jackson-core:2.15.3=dokkaHtmlGeneratorRuntimeResolver~internal,dokkaJavadocGeneratorRuntimeResolver~internal
com.fasterxml.jackson.core:jackson-databind:2.12.7.1=dokkatooMkdocsGeneratorClasspathResolver
com.fasterxml.jackson.core:jackson-databind:2.15.3=dokkaHtmlGeneratorRuntimeResolver~internal,dokkaJavadocGeneratorRuntimeResolver~internal
com.fasterxml.jackson.dataformat:jackson-dataformat-xml:2.12.7=dokkatooMkdocsGeneratorClasspathResolver
com.fasterxml.jackson.dataformat:jackson-dataformat-xml:2.15.3=dokkaHtmlGeneratorRuntimeResolver~internal,dokkaJavadocGeneratorRuntimeResolver~internal
com.fasterxml.jackson.module:jackson-module-jaxb-annotations:2.12.7=dokkatooMkdocsGeneratorClasspathResolver
com.fasterxml.jackson.module:jackson-module-kotlin:2.12.7=dokkatooMkdocsGeneratorClasspathResolver
com.fasterxml.jackson.module:jackson-module-kotlin:2.15.3=dokkaHtmlGeneratorRuntimeResolver~internal,dokkaJavadocGeneratorRuntimeResolver~internal
com.fasterxml.jackson:jackson-bom:2.12.7=dokkatooMkdocsGeneratorClasspathResolver
com.fasterxml.jackson:jackson-bom:2.15.3=dokkaHtmlGeneratorRuntimeResolver~internal,dokkaJavadocGeneratorRuntimeResolver~internal
com.fasterxml.woodstox:woodstox-core:6.2.4=dokkatooMkdocsGeneratorClasspathResolver
com.fasterxml.woodstox:woodstox-core:6.5.1=dokkaHtmlGeneratorRuntimeResolver~internal,dokkaJavadocGeneratorRuntimeResolver~internal
com.github.docker-java:docker-java-api:3.4.2=compileClasspath,integrationTestCompileClasspath,integrationTestRuntimeClasspath,jmhCompileClasspath,jmhRuntimeClasspath,runtimeClasspath,testCompileClasspath,testRuntimeClasspath
com.github.docker-java:docker-java-transport-zerodep:3.4.2=compileClasspath,integrationTestCompileClasspath,integrationTestRuntimeClasspath,jmhCompileClasspath,jmhRuntimeClasspath,runtimeClasspath,testCompileClasspath,testRuntimeClasspath
com.github.docker-java:docker-java-transport:3.4.2=compileClasspath,integrationTestCompileClasspath,integrationTestRuntimeClasspath,jmhCompileClasspath,jmhRuntimeClasspath,runtimeClasspath,testCompileClasspath,testRuntimeClasspath
com.pinterest.ktlint:ktlint-cli-reporter-baseline:1.0.1=ktlint,ktlintBaselineReporter
com.pinterest.ktlint:ktlint-cli-reporter-checkstyle:1.0.1=ktlint
com.pinterest.ktlint:ktlint-cli-reporter-core:1.0.1=ktlint,ktlintBaselineReporter
com.pinterest.ktlint:ktlint-cli-reporter-format:1.0.1=ktlint
com.pinterest.ktlint:ktlint-cli-reporter-html:1.0.1=ktlint
com.pinterest.ktlint:ktlint-cli-reporter-json:1.0.1=ktlint
com.pinterest.ktlint:ktlint-cli-reporter-plain-summary:1.0.1=ktlint
com.pinterest.ktlint:ktlint-cli-reporter-plain:1.0.1=ktlint
com.pinterest.ktlint:ktlint-cli-reporter-sarif:1.0.1=ktlint
com.pinterest.ktlint:ktlint-cli-ruleset-core:1.0.1=ktlint,ktlintRuleset
com.pinterest.ktlint:ktlint-cli:1.0.1=ktlint
com.pinterest.ktlint:ktlint-logger:1.0.1=ktlint,ktlintBaselineReporter,ktlintRuleset
com.pinterest.ktlint:ktlint-rule-engine-core:1.0.1=ktlint,ktlintBaselineReporter,ktlintRuleset
com.pinterest.ktlint:ktlint-rule-engine:1.0.1=ktlint
com.pinterest.ktlint:ktlint-ruleset-standard:1.0.1=ktlint,ktlintRuleset
com.soywiz.korlibs.korte:korte-jvm:4.0.10=dokkaJavadocGeneratorRuntimeResolver~internal
com.sun.istack:istack-commons-runtime:4.1.2=integrationTestRuntimeClasspath,jmhRuntimeClasspath,runtimeClasspath,testRuntimeClasspath
dev.drewhamilton.poko:poko-annotations-jvm:0.15.0=ktlint,ktlintBaselineReporter,ktlintRuleset
dev.drewhamilton.poko:poko-annotations:0.15.0=ktlint,ktlintBaselineReporter,ktlintRuleset
dev.opensavvy.dokka.mkdocs:renderer:0.5.1=dokkatooMkdocsGeneratorClasspathResolver,dokkatooMkdocsPluginsClasspathIntransitiveResolver
info.picocli:picocli:4.7.5=ktlint
io.github.detekt.sarif4k:sarif4k-jvm:0.5.0=ktlint,ktlintReporter
io.github.detekt.sarif4k:sarif4k:0.5.0=ktlint,ktlintReporter
io.github.java-diff-utils:java-diff-utils:4.12=kotlinInternalAbiValidation
io.github.java-diff-utils:java-diff-utils:4.16=integrationTestRuntimeClasspath,jmhRuntimeClasspath,testRuntimeClasspath
io.github.oshai:kotlin-logging-jvm:5.1.0=ktlint,ktlintBaselineReporter,ktlintReporter,ktlintRuleset
io.github.oshai:kotlin-logging:5.1.0=ktlint,ktlintBaselineReporter,ktlintReporter
io.kotest:kotest-assertions-core-jvm:6.1.10=integrationTestCompileClasspath,integrationTestRuntimeClasspath,jmhRuntimeClasspath,testCompileClasspath,testRuntimeClasspath
io.kotest:kotest-assertions-core:6.1.10=integrationTestCompileClasspath,integrationTestRuntimeClasspath,jmhRuntimeClasspath,testCompileClasspath,testRuntimeClasspath
io.kotest:kotest-assertions-shared-jvm:6.1.10=integrationTestCompileClasspath,integrationTestRuntimeClasspath,jmhRuntimeClasspath,testCompileClasspath,testRuntimeClasspath
io.kotest:kotest-assertions-shared:6.1.10=integrationTestCompileClasspath,integrationTestRuntimeClasspath,jmhRuntimeClasspath,testCompileClasspath,testRuntimeClasspath
io.kotest:kotest-common-jvm:6.1.10=integrationTestRuntimeClasspath,jmhRuntimeClasspath,testRuntimeClasspath
io.kotest:kotest-common:6.1.10=integrationTestRuntimeClasspath,jmhRuntimeClasspath,testRuntimeClasspath
io.mockk:mockk-agent-api-jvm:1.14.9=integrationTestCompileClasspath,integrationTestRuntimeClasspath,jmhRuntimeClasspath,testCompileClasspath,testRuntimeClasspath
io.mockk:mockk-agent-api:1.14.9=integrationTestCompileClasspath,integrationTestRuntimeClasspath,jmhRuntimeClasspath,testCompileClasspath,testRuntimeClasspath
io.mockk:mockk-agent-jvm:1.14.9=integrationTestCompileClasspath,integrationTestRuntimeClasspath,jmhRuntimeClasspath,testCompileClasspath,testRuntimeClasspath
io.mockk:mockk-agent:1.14.9=integrationTestCompileClasspath,integrationTestRuntimeClasspath,jmhRuntimeClasspath,testCompileClasspath,testRuntimeClasspath
io.mockk:mockk-core-jvm:1.14.9=integrationTestCompileClasspath,integrationTestRuntimeClasspath,jmhRuntimeClasspath,testCompileClasspath,testRuntimeClasspath
io.mockk:mockk-core:1.14.9=integrationTestCompileClasspath,integrationTestRuntimeClasspath,jmhRuntimeClasspath,testCompileClasspath,testRuntimeClasspath
io.mockk:mockk-dsl-jvm:1.14.9=integrationTestCompileClasspath,integrationTestRuntimeClasspath,jmhRuntimeClasspath,testCompileClasspath,testRuntimeClasspath
io.mockk:mockk-dsl:1.14.9=integrationTestCompileClasspath,integrationTestRuntimeClasspath,jmhRuntimeClasspath,testCompileClasspath,testRuntimeClasspath
io.mockk:mockk-jvm:1.14.9=integrationTestCompileClasspath,integrationTestRuntimeClasspath,jmhRuntimeClasspath,testCompileClasspath,testRuntimeClasspath
io.mockk:mockk:1.14.9=integrationTestCompileClasspath,integrationTestRuntimeClasspath,jmhRuntimeClasspath,testCompileClasspath,testRuntimeClasspath
it.unimi.dsi:fastutil-core:8.5.12=dokkatooMkdocsGeneratorClasspathResolver
jakarta.activation:jakarta.activation-api:1.2.1=dokkatooMkdocsGeneratorClasspathResolver
jakarta.activation:jakarta.activation-api:2.1.4=integrationTestRuntimeClasspath,jmhRuntimeClasspath,runtimeClasspath,testRuntimeClasspath
jakarta.inject:jakarta.inject-api:2.0.1=integrationTestRuntimeClasspath,jmhRuntimeClasspath,runtimeClasspath,testRuntimeClasspath
jakarta.persistence:jakarta.persistence-api:3.2.0=compileClasspath,integrationTestCompileClasspath,integrationTestRuntimeClasspath,jmhCompileClasspath,jmhRuntimeClasspath,runtimeClasspath,testCompileClasspath,testRuntimeClasspath
jakarta.transaction:jakarta.transaction-api:2.0.1=compileClasspath,integrationTestCompileClasspath,integrationTestRuntimeClasspath,jmhCompileClasspath,jmhRuntimeClasspath,runtimeClasspath,testCompileClasspath,testRuntimeClasspath
jakarta.xml.bind:jakarta.xml.bind-api:2.3.2=dokkatooMkdocsGeneratorClasspathResolver
jakarta.xml.bind:jakarta.xml.bind-api:4.0.4=integrationTestRuntimeClasspath,jmhRuntimeClasspath,runtimeClasspath,testRuntimeClasspath
junit:junit:4.13.2=compileClasspath,integrationTestCompileClasspath,integrationTestRuntimeClasspath,jmhCompileClasspath,jmhRuntimeClasspath,runtimeClasspath,testCompileClasspath,testRuntimeClasspath
net.bytebuddy:byte-buddy-agent:1.18.2=integrationTestCompileClasspath,integrationTestRuntimeClasspath,jmhRuntimeClasspath,testCompileClasspath,testRuntimeClasspath
net.bytebuddy:byte-buddy:1.18.2=integrationTestCompileClasspath,testCompileClasspath
net.bytebuddy:byte-buddy:1.18.7=integrationTestRuntimeClasspath,jmhRuntimeClasspath,runtimeClasspath,testRuntimeClasspath
net.java.dev.jna:jna:5.13.0=compileClasspath,integrationTestCompileClasspath,integrationTestRuntimeClasspath,jmhCompileClasspath,jmhRuntimeClasspath,runtimeClasspath,testCompileClasspath,testRuntimeClasspath
net.sf.jopt-simple:jopt-simple:5.0.4=compileClasspath,integrationTestCompileClasspath,integrationTestRuntimeClasspath,jmh,jmhCompileClasspath,jmhRuntimeClasspath,runtimeClasspath,testCompileClasspath,testRuntimeClasspath
org.antlr:antlr4-runtime:4.13.2=integrationTestRuntimeClasspath,jmhRuntimeClasspath,runtimeClasspath,testRuntimeClasspath
org.apache.commons:commons-compress:1.24.0=compileClasspath,integrationTestCompileClasspath,integrationTestRuntimeClasspath,jmhCompileClasspath,jmhRuntimeClasspath,runtimeClasspath,testCompileClasspath,testRuntimeClasspath
org.apache.commons:commons-math3:3.2=jmh
org.apache.commons:commons-math3:3.6.1=compileClasspath,integrationTestCompileClasspath,integrationTestRuntimeClasspath,jmhCompileClasspath,jmhRuntimeClasspath,runtimeClasspath,testCompileClasspath,testRuntimeClasspath
org.apiguardian:apiguardian-api:1.1.2=integrationTestCompileClasspath,testCompileClasspath
org.codehaus.woodstox:stax2-api:4.2.1=dokkaHtmlGeneratorRuntimeResolver~internal,dokkaJavadocGeneratorRuntimeResolver~internal,dokkatooMkdocsGeneratorClasspathResolver
org.ec4j.core:ec4j-core:0.3.0=ktlint,ktlintBaselineReporter,ktlintRuleset
org.eclipse.angus:angus-activation:2.0.3=integrationTestRuntimeClasspath,jmhRuntimeClasspath,runtimeClasspath,testRuntimeClasspath
org.freemarker:freemarker:2.3.32=dokkaHtmlGeneratorRuntimeResolver~internal,dokkaJavadocGeneratorRuntimeResolver~internal,dokkatooMkdocsGeneratorClasspathResolver
org.glassfish.jaxb:jaxb-core:4.0.6=integrationTestRuntimeClasspath,jmhRuntimeClasspath,runtimeClasspath,testRuntimeClasspath
org.glassfish.jaxb:jaxb-runtime:4.0.6=integrationTestRuntimeClasspath,jmhRuntimeClasspath,runtimeClasspath,testRuntimeClasspath
org.glassfish.jaxb:txw2:4.0.6=integrationTestRuntimeClasspath,jmhRuntimeClasspath,runtimeClasspath,testRuntimeClasspath
org.hamcrest:hamcrest-core:1.3=compileClasspath,integrationTestCompileClasspath,integrationTestRuntimeClasspath,jmhCompileClasspath,jmhRuntimeClasspath,runtimeClasspath,testCompileClasspath,testRuntimeClasspath
org.hibernate.models:hibernate-models:1.1.0=integrationTestRuntimeClasspath,jmhRuntimeClasspath,runtimeClasspath,testRuntimeClasspath
org.hibernate.orm:hibernate-community-dialects:7.3.0.Final=compileClasspath,integrationTestCompileClasspath,integrationTestRuntimeClasspath,jmhCompileClasspath,jmhRuntimeClasspath,runtimeClasspath,testCompileClasspath,testRuntimeClasspath
org.hibernate.orm:hibernate-core:7.3.0.Final=compileClasspath,integrationTestCompileClasspath,integrationTestRuntimeClasspath,jmhCompileClasspath,jmhRuntimeClasspath,runtimeClasspath,testCompileClasspath,testRuntimeClasspath
org.jboss.logging:jboss-logging:3.6.2.Final=integrationTestRuntimeClasspath,jmhRuntimeClasspath,runtimeClasspath,testRuntimeClasspath
org.jetbrains.dokka:analysis-kotlin-descriptors:1.9.20=dokkatooMkdocsGeneratorClasspathResolver
org.jetbrains.dokka:analysis-kotlin-symbols:2.2.0=dokkaHtmlGeneratorRuntimeResolver~internal,dokkaJavadocGeneratorRuntimeResolver~internal
org.jetbrains.dokka:analysis-markdown:1.9.20=dokkatooMkdocsGeneratorClasspathResolver
org.jetbrains.dokka:analysis-markdown:2.2.0=dokkaHtmlGeneratorRuntimeResolver~internal,dokkaJavadocGeneratorRuntimeResolver~internal
org.jetbrains.dokka:dokka-base:1.9.20=dokkatooMkdocsGeneratorClasspathResolver,dokkatooMkdocsPluginsClasspathIntransitiveResolver
org.jetbrains.dokka:dokka-base:2.2.0=dokkaHtmlGeneratorRuntimeResolver~internal,dokkaHtmlPluginIntransitiveResolver~internal,dokkaJavadocGeneratorRuntimeResolver~internal,dokkaJavadocPluginIntransitiveResolver~internal
org.jetbrains.dokka:dokka-core:1.9.20=dokkatooMkdocsGeneratorClasspathResolver
org.jetbrains.dokka:dokka-core:2.2.0=dokkaHtmlGeneratorRuntimeResolver~internal,dokkaJavadocGeneratorRuntimeResolver~internal
org.jetbrains.dokka:javadoc-plugin:2.2.0=dokkaJavadocGeneratorRuntimeResolver~internal,dokkaJavadocPluginIntransitiveResolver~internal
org.jetbrains.dokka:kotlin-as-java-plugin:2.2.0=dokkaJavadocGeneratorRuntimeResolver~internal
org.jetbrains.dokka:templating-plugin:1.9.20=dokkatooMkdocsGeneratorClasspathResolver,dokkatooMkdocsPluginsClasspathIntransitiveResolver
org.jetbrains.dokka:templating-plugin:2.2.0=dokkaHtmlGeneratorRuntimeResolver~internal,dokkaHtmlPluginIntransitiveResolver~internal,dokkaJavadocGeneratorRuntimeResolver~internal,dokkaJavadocPluginIntransitiveResolver~internal
org.jetbrains.intellij.deps:trove4j:1.0.20200330=ktlint,ktlintBaselineReporter,ktlintRuleset
org.jetbrains.kotlin:abi-tools-api:2.3.20=kotlinInternalAbiValidation
org.jetbrains.kotlin:abi-tools:2.3.20=kotlinInternalAbiValidation
org.jetbrains.kotlin:kotlin-build-tools-api:2.3.20=kotlinCompilerClasspath
org.jetbrains.kotlin:kotlin-build-tools-api:2.4.0=kotlinAbiValidationCompatClasspath
org.jetbrains.kotlin:kotlin-build-tools-api:2.4.10=kotlinBuildToolsApiClasspath
org.jetbrains.kotlin:kotlin-build-tools-compat:2.3.20=kotlinCompilerClasspath
org.jetbrains.kotlin:kotlin-build-tools-compat:2.4.10=kotlinAbiValidationCompatClasspath,kotlinBuildToolsApiClasspath
org.jetbrains.kotlin:kotlin-build-tools-cri-impl:2.3.20=kotlinCompilerClasspath
org.jetbrains.kotlin:kotlin-build-tools-cri-impl:2.4.0=kotlinAbiValidationCompatClasspath
org.jetbrains.kotlin:kotlin-build-tools-cri-impl:2.4.10=kotlinBuildToolsApiClasspath
org.jetbrains.kotlin:kotlin-build-tools-impl:2.3.20=kotlinCompilerClasspath
org.jetbrains.kotlin:kotlin-build-tools-impl:2.4.0=kotlinAbiValidationCompatClasspath
org.jetbrains.kotlin:kotlin-build-tools-impl:2.4.10=kotlinBuildToolsApiClasspath
org.jetbrains.kotlin:kotlin-compiler-embeddable:1.9.10=ktlint,ktlintBaselineReporter,ktlintRuleset
org.jetbrains.kotlin:kotlin-compiler-embeddable:2.3.20=kotlinCompilerClasspath,kotlinKlibCommonizerClasspath
org.jetbrains.kotlin:kotlin-compiler-embeddable:2.4.0=kotlinAbiValidationCompatClasspath
org.jetbrains.kotlin:kotlin-compiler-embeddable:2.4.10=kotlinBuildToolsApiClasspath
org.jetbrains.kotlin:kotlin-compiler-runner:2.3.20=kotlinCompilerClasspath
org.jetbrains.kotlin:kotlin-compiler-runner:2.4.0=kotlinAbiValidationCompatClasspath
org.jetbrains.kotlin:kotlin-compiler-runner:2.4.10=kotlinBuildToolsApiClasspath
org.jetbrains.kotlin:kotlin-daemon-client:2.3.20=kotlinCompilerClasspath
org.jetbrains.kotlin:kotlin-daemon-client:2.4.0=kotlinAbiValidationCompatClasspath
org.jetbrains.kotlin:kotlin-daemon-client:2.4.10=kotlinBuildToolsApiClasspath
org.jetbrains.kotlin:kotlin-daemon-embeddable:1.9.10=ktlint,ktlintBaselineReporter,ktlintRuleset
org.jetbrains.kotlin:kotlin-daemon-embeddable:2.3.20=kotlinCompilerClasspath,kotlinKlibCommonizerClasspath
org.jetbrains.kotlin:kotlin-daemon-embeddable:2.4.0=kotlinAbiValidationCompatClasspath
org.jetbrains.kotlin:kotlin-daemon-embeddable:2.4.10=kotlinBuildToolsApiClasspath
org.jetbrains.kotlin:kotlin-klib-abi-reader:2.3.20=kotlinInternalAbiValidation
org.jetbrains.kotlin:kotlin-klib-commonizer-embeddable:2.3.20=kotlinKlibCommonizerClasspath
org.jetbrains.kotlin:kotlin-metadata-jvm:2.3.20=kotlinInternalAbiValidation
org.jetbrains.kotlin:kotlin-reflect:1.6.10=kotlinAbiValidationCompatClasspath,kotlinBuildToolsApiClasspath,kotlinCompilerClasspath,kotlinKlibCommonizerClasspath,ktlint,ktlintBaselineReporter,ktlintRuleset
org.jetbrains.kotlin:kotlin-reflect:1.9.22=dokkatooMkdocsGeneratorClasspathResolver
org.jetbrains.kotlin:kotlin-reflect:1.9.23=compileClasspath,integrationTestCompileClasspath,jmhCompileClasspath,testCompileClasspath
org.jetbrains.kotlin:kotlin-reflect:2.0.21=dokkaHtmlGeneratorRuntimeResolver~internal,dokkaJavadocGeneratorRuntimeResolver~internal
org.jetbrains.kotlin:kotlin-reflect:2.4.10=integrationTestRuntimeClasspath,jmhRuntimeClasspath,runtimeClasspath,testRuntimeClasspath
org.jetbrains.kotlin:kotlin-script-runtime:1.9.10=ktlint,ktlintBaselineReporter,ktlintRuleset
org.jetbrains.kotlin:kotlin-script-runtime:2.3.20=kotlinCompilerClasspath,kotlinKlibCommonizerClasspath
org.jetbrains.kotlin:kotlin-script-runtime:2.4.0=kotlinAbiValidationCompatClasspath
org.jetbrains.kotlin:kotlin-script-runtime:2.4.10=kotlinBuildToolsApiClasspath,kotlinCompilerPluginClasspathIntegrationTest,kotlinCompilerPluginClasspathJmh,kotlinCompilerPluginClasspathMain,kotlinCompilerPluginClasspathTest
org.jetbrains.kotlin:kotlin-scripting-common:2.4.10=kotlinCompilerPluginClasspathIntegrationTest,kotlinCompilerPluginClasspathJmh,kotlinCompilerPluginClasspathMain,kotlinCompilerPluginClasspathTest
org.jetbrains.kotlin:kotlin-scripting-compiler-embeddable:2.4.10=kotlinCompilerPluginClasspathIntegrationTest,kotlinCompilerPluginClasspathJmh,kotlinCompilerPluginClasspathMain,kotlinCompilerPluginClasspathTest
org.jetbrains.kotlin:kotlin-scripting-compiler-impl-embeddable:2.4.10=kotlinCompilerPluginClasspathIntegrationTest,kotlinCompilerPluginClasspathJmh,kotlinCompilerPluginClasspathMain,kotlinCompilerPluginClasspathTest
org.jetbrains.kotlin:kotlin-scripting-jvm:2.4.10=kotlinCompilerPluginClasspathIntegrationTest,kotlinCompilerPluginClasspathJmh,kotlinCompilerPluginClasspathMain,kotlinCompilerPluginClasspathTest
org.jetbrains.kotlin:kotlin-stdlib-common:1.9.10=ktlint,ktlintBaselineReporter,ktlintReporter,ktlintRuleset
org.jetbrains.kotlin:kotlin-stdlib-common:2.0.21=dokkaHtmlGeneratorRuntimeResolver~internal,dokkaJavadocGeneratorRuntimeResolver~internal
org.jetbrains.kotlin:kotlin-stdlib-common:2.1.20=dokkatooMkdocsGeneratorClasspathResolver
org.jetbrains.kotlin:kotlin-stdlib-jdk7:1.8.20=dokkaHtmlGeneratorRuntimeResolver~internal
org.jetbrains.kotlin:kotlin-stdlib-jdk7:1.9.0=dokkaJavadocGeneratorRuntimeResolver~internal,dokkatooMkdocsGeneratorClasspathResolver
org.jetbrains.kotlin:kotlin-stdlib-jdk7:1.9.10=ktlint,ktlintBaselineReporter,ktlintReporter,ktlintRuleset
org.jetbrains.kotlin:kotlin-stdlib-jdk8:1.8.20=dokkaHtmlGeneratorRuntimeResolver~internal
org.jetbrains.kotlin:kotlin-stdlib-jdk8:1.9.0=dokkaJavadocGeneratorRuntimeResolver~internal,dokkatooMkdocsGeneratorClasspathResolver
org.jetbrains.kotlin:kotlin-stdlib-jdk8:1.9.10=ktlint,ktlintBaselineReporter,ktlintReporter,ktlintRuleset
org.jetbrains.kotlin:kotlin-stdlib:1.9.10=ktlint,ktlintBaselineReporter,ktlintReporter,ktlintRuleset
org.jetbrains.kotlin:kotlin-stdlib:2.0.21=dokkaHtmlGeneratorRuntimeResolver~internal,dokkaJavadocGeneratorRuntimeResolver~internal
org.jetbrains.kotlin:kotlin-stdlib:2.1.20=dokkatooMkdocsGeneratorClasspathResolver
org.jetbrains.kotlin:kotlin-stdlib:2.3.20=kotlinCompilerClasspath,kotlinInternalAbiValidation,kotlinKlibCommonizerClasspath
org.jetbrains.kotlin:kotlin-stdlib:2.4.0=kotlinAbiValidationCompatClasspath
org.jetbrains.kotlin:kotlin-stdlib:2.4.10=compileClasspath,integrationTestCompileClasspath,integrationTestRuntimeClasspath,jmhCompileClasspath,jmhRuntimeClasspath,kotlinBuildToolsApiClasspath,kotlinCompilerPluginClasspathIntegrationTest,kotlinCompilerPluginClasspathJmh,kotlinCompilerPluginClasspathMain,kotlinCompilerPluginClasspathTest,runtimeClasspath,testCompileClasspath,testRuntimeClasspath
org.jetbrains.kotlin:kotlin-tooling-core:2.3.20=kotlinCompilerClasspath
org.jetbrains.kotlin:kotlin-tooling-core:2.4.10=kotlinAbiValidationCompatClasspath,kotlinBuildToolsApiClasspath
org.jetbrains.kotlinx:kotlinx-coroutines-bom:1.10.1=dokkatooMkdocsGeneratorClasspathResolver
org.jetbrains.kotlinx:kotlinx-coroutines-bom:1.10.2=integrationTestRuntimeClasspath,jmhRuntimeClasspath,runtimeClasspath,testRuntimeClasspath
org.jetbrains.kotlinx:kotlinx-coroutines-bom:1.7.3=dokkaHtmlGeneratorRuntimeResolver~internal,dokkaJavadocGeneratorRuntimeResolver~internal
org.jetbrains.kotlinx:kotlinx-coroutines-core-jvm:1.10.1=dokkatooMkdocsGeneratorClasspathResolver
org.jetbrains.kotlinx:kotlinx-coroutines-core-jvm:1.10.2=integrationTestRuntimeClasspath,jmhRuntimeClasspath,runtimeClasspath,testRuntimeClasspath
org.jetbrains.kotlinx:kotlinx-coroutines-core-jvm:1.7.3=dokkaHtmlGeneratorRuntimeResolver~internal,dokkaJavadocGeneratorRuntimeResolver~internal
org.jetbrains.kotlinx:kotlinx-coroutines-core-jvm:1.8.0=kotlinAbiValidationCompatClasspath,kotlinBuildToolsApiClasspath,kotlinCompilerClasspath,kotlinKlibCommonizerClasspath
org.jetbrains.kotlinx:kotlinx-coroutines-core:1.10.1=dokkatooMkdocsGeneratorClasspathResolver
org.jetbrains.kotlinx:kotlinx-coroutines-core:1.10.2=integrationTestRuntimeClasspath,jmhRuntimeClasspath,runtimeClasspath,testRuntimeClasspath
org.jetbrains.kotlinx:kotlinx-coroutines-core:1.7.3=dokkaHtmlGeneratorRuntimeResolver~internal,dokkaJavadocGeneratorRuntimeResolver~internal
org.jetbrains.kotlinx:kotlinx-coroutines-jdk8:1.10.2=integrationTestRuntimeClasspath,jmhRuntimeClasspath,testRuntimeClasspath
org.jetbrains.kotlinx:kotlinx-coroutines-test-jvm:1.10.2=integrationTestRuntimeClasspath,jmhRuntimeClasspath,testRuntimeClasspath
org.jetbrains.kotlinx:kotlinx-coroutines-test:1.10.2=integrationTestRuntimeClasspath,jmhRuntimeClasspath,testRuntimeClasspath
org.jetbrains.kotlinx:kotlinx-html-jvm:0.9.1=dokkaHtmlGeneratorRuntimeResolver~internal,dokkaJavadocGeneratorRuntimeResolver~internal,dokkatooMkdocsGeneratorClasspathResolver
org.jetbrains.kotlinx:kotlinx-html:0.9.1=dokkatooMkdocsGeneratorClasspathResolver
org.jetbrains.kotlinx:kotlinx-serialization-core-jvm:1.4.1=ktlintReporter
org.jetbrains.kotlinx:kotlinx-serialization-core:1.4.1=ktlintReporter
org.jetbrains.kotlinx:kotlinx-serialization-json-jvm:1.4.1=ktlintReporter
org.jetbrains.kotlinx:kotlinx-serialization-json:1.4.1=ktlintReporter
org.jetbrains.kotlinx:kover-jvm-agent:0.9.8=koverJvmAgent,koverJvmReporter
org.jetbrains:annotations:13.0=kotlinAbiValidationCompatClasspath,kotlinBuildToolsApiClasspath,kotlinCompilerClasspath,kotlinCompilerPluginClasspathIntegrationTest,kotlinCompilerPluginClasspathJmh,kotlinCompilerPluginClasspathMain,kotlinCompilerPluginClasspathTest,kotlinInternalAbiValidation,kotlinKlibCommonizerClasspath,ktlint,ktlintBaselineReporter,ktlintReporter,ktlintRuleset
org.jetbrains:annotations:17.0.0=compileClasspath,integrationTestCompileClasspath,jmhCompileClasspath,testCompileClasspath
org.jetbrains:annotations:23.0.0=dokkaHtmlGeneratorRuntimeResolver~internal,dokkaJavadocGeneratorRuntimeResolver~internal,dokkatooMkdocsGeneratorClasspathResolver,integrationTestRuntimeClasspath,jmhRuntimeClasspath,runtimeClasspath,testRuntimeClasspath
org.jetbrains:markdown-jvm:0.5.2=dokkatooMkdocsGeneratorClasspathResolver
org.jetbrains:markdown-jvm:0.7.3=dokkaHtmlGeneratorRuntimeResolver~internal,dokkaJavadocGeneratorRuntimeResolver~internal
org.jetbrains:markdown:0.5.2=dokkatooMkdocsGeneratorClasspathResolver
org.jetbrains:markdown:0.7.3=dokkaHtmlGeneratorRuntimeResolver~internal,dokkaJavadocGeneratorRuntimeResolver~internal
org.jsoup:jsoup:1.16.1=dokkaHtmlGeneratorRuntimeResolver~internal,dokkaJavadocGeneratorRuntimeResolver~internal,dokkatooMkdocsGeneratorClasspathResolver
org.jspecify:jspecify:1.0.0=integrationTestCompileClasspath,testCompileClasspath
org.junit.jupiter:junit-jupiter-api:6.0.3=integrationTestCompileClasspath,integrationTestRuntimeClasspath,jmhRuntimeClasspath,testCompileClasspath,testRuntimeClasspath
org.junit.jupiter:junit-jupiter-engine:6.0.3=integrationTestRuntimeClasspath,jmhRuntimeClasspath,testRuntimeClasspath
org.junit.jupiter:junit-jupiter-params:6.0.3=integrationTestCompileClasspath,integrationTestRuntimeClasspath,jmhRuntimeClasspath,testCompileClasspath,testRuntimeClasspath
org.junit.jupiter:junit-jupiter:6.0.3=integrationTestCompileClasspath,integrationTestRuntimeClasspath,jmhRuntimeClasspath,testCompileClasspath,testRuntimeClasspath
org.junit.platform:junit-platform-commons:6.0.3=integrationTestCompileClasspath,integrationTestRuntimeClasspath,jmhRuntimeClasspath,testCompileClasspath,testRuntimeClasspath
org.junit.platform:junit-platform-engine:6.0.3=integrationTestRuntimeClasspath,jmhRuntimeClasspath,testRuntimeClasspath
org.junit.platform:junit-platform-launcher:6.0.3=integrationTestRuntimeClasspath,jmhRuntimeClasspath,testRuntimeClasspath
org.junit:junit-bom:6.0.3=integrationTestCompileClasspath,integrationTestRuntimeClasspath,jmhRuntimeClasspath,testCompileClasspath,testRuntimeClasspath
org.ktorm:ktorm-core:4.1.1=compileClasspath,integrationTestCompileClasspath,integrationTestRuntimeClasspath,jmhCompileClasspath,jmhRuntimeClasspath,runtimeClasspath,testCompileClasspath,testRuntimeClasspath
org.ktorm:ktorm-support-postgresql:4.1.1=compileClasspath,integrationTestCompileClasspath,integrationTestRuntimeClasspath,jmhCompileClasspath,jmhRuntimeClasspath,runtimeClasspath,testCompileClasspath,testRuntimeClasspath
org.ktorm:ktorm-support-sqlite:4.1.1=compileClasspath,integrationTestCompileClasspath,integrationTestRuntimeClasspath,jmhCompileClasspath,jmhRuntimeClasspath,runtimeClasspath,testCompileClasspath,testRuntimeClasspath
org.objenesis:objenesis:3.4=integrationTestCompileClasspath,integrationTestRuntimeClasspath,jmhRuntimeClasspath,testCompileClasspath,testRuntimeClasspath
org.openjdk.jmh:jmh-core:1.36=jmh
org.openjdk.jmh:jmh-core:1.37=compileClasspath,integrationTestCompileClasspath,integrationTestRuntimeClasspath,jmhCompileClasspath,jmhRuntimeClasspath,runtimeClasspath,testCompileClasspath,testRuntimeClasspath
org.openjdk.jmh:jmh-generator-annprocess:1.37=compileClasspath,integrationTestCompileClasspath,integrationTestRuntimeClasspath,jmhCompileClasspath,jmhRuntimeClasspath,runtimeClasspath,testCompileClasspath,testRuntimeClasspath
org.openjdk.jmh:jmh-generator-asm:1.36=jmh,jmhCompileClasspath,jmhRuntimeClasspath
org.openjdk.jmh:jmh-generator-bytecode:1.36=jmh,jmhCompileClasspath,jmhRuntimeClasspath
org.openjdk.jmh:jmh-generator-reflection:1.36=jmh,jmhCompileClasspath,jmhRuntimeClasspath
org.opentest4j:opentest4j:1.3.0=integrationTestCompileClasspath,integrationTestRuntimeClasspath,jmhRuntimeClasspath,testCompileClasspath,testRuntimeClasspath
org.ow2.asm:asm:9.0=jmh,jmhCompileClasspath,jmhRuntimeClasspath
org.postgresql:postgresql:42.7.12=jmhRuntimeClasspath,runtimeClasspath,testRuntimeClasspath
org.rnorth.duct-tape:duct-tape:1.0.8=compileClasspath,integrationTestCompileClasspath,integrationTestRuntimeClasspath,jmhCompileClasspath,jmhRuntimeClasspath,runtimeClasspath,testCompileClasspath,testRuntimeClasspath
org.slf4j:slf4j-api:2.0.17=compileClasspath,integrationTestCompileClasspath,integrationTestRuntimeClasspath,jmhCompileClasspath,jmhRuntimeClasspath,runtimeClasspath,testCompileClasspath,testRuntimeClasspath
org.slf4j:slf4j-api:2.0.4=ktlint
org.slf4j:slf4j-simple:2.0.17=compileClasspath,integrationTestCompileClasspath,integrationTestRuntimeClasspath,jmhCompileClasspath,jmhRuntimeClasspath,runtimeClasspath,testCompileClasspath,testRuntimeClasspath
org.testcontainers:database-commons:1.21.4=compileClasspath,integrationTestCompileClasspath,integrationTestRuntimeClasspath,jmhCompileClasspath,jmhRuntimeClasspath,runtimeClasspath,testCompileClasspath,testRuntimeClasspath
org.testcontainers:jdbc:1.21.4=compileClasspath,integrationTestCompileClasspath,integrationTestRuntimeClasspath,jmhCompileClasspath,jmhRuntimeClasspath,runtimeClasspath,testCompileClasspath,testRuntimeClasspath
org.testcontainers:postgresql:1.21.4=compileClasspath,integrationTestCompileClasspath,integrationTestRuntimeClasspath,jmhCompileClasspath,jmhRuntimeClasspath,runtimeClasspath,testCompileClasspath,testRuntimeClasspath
org.testcontainers:testcontainers:1.21.4=compileClasspath,integrationTestCompileClasspath,integrationTestRuntimeClasspath,jmhCompileClasspath,jmhRuntimeClasspath,runtimeClasspath,testCompileClasspath,testRuntimeClasspath
org.xerial:sqlite-jdbc:3.51.2.0=compileClasspath,integrationTestCompileClasspath,integrationTestRuntimeClasspath,jmhCompileClasspath,jmhRuntimeClasspath,runtimeClasspath,testCompileClasspath,testRuntimeClasspath
empty=annotationProcessor,dokkaHtmlModuleOutputDirectoriesResolver~internal,dokkaHtmlPublicationPluginResolver~internal,dokkaJavadocModuleOutputDirectoriesResolver~internal,dokkaJavadocPublicationPluginResolver~internal,dokkatooMkdocsModuleOutputDirectoriesResolver,dokkatooMkdocsPublicationPluginClasspathResolver,implementationDependenciesMetadata,integrationTestAnnotationProcessor,integrationTestImplementationDependenciesMetadata,integrationTestKotlinScriptDefExtensions,jmhAnnotationProcessor,jmhImplementationDependenciesMetadata,jmhKotlinScriptDefExtensions,kotlinCompilerPluginClasspath,kotlinNativeCompilerPluginClasspath,kotlinScriptDefExtensions,koverExternalArtifacts,koverExternalArtifactsJvm,testAnnotationProcessor,testImplementationDependenciesMetadata,testKotlinScriptDefExtensions
