# This is a Gradle generated file for dependency locking.
# Manual edits can break the build and are not advised.
# This file is expected to be part of source control.
ch.qos.logback:logback-classic:1.3.5=ktlint
ch.qos.logback:logback-core:1.3.5=ktlint
com.fasterxml.jackson.core:jackson-annotations:2.10.3=integrationTestCompileClasspath,integrationTestRuntimeClasspath
com.fasterxml.jackson.core:jackson-annotations:2.12.7=dokkatooMkdocsGeneratorClasspathResolver
com.fasterxml.jackson.core:jackson-annotations:2.15.3=dokkaHtmlGeneratorRuntimeResolver~internal,dokkaJavadocGeneratorRuntimeResolver~internal
com.fasterxml.jackson.core:jackson-core:2.12.7=dokkatooMkdocsGeneratorClasspathResolver
com.fasterxml.jackson.core:jackson-core:2.15.3=dokkaHtmlGeneratorRuntimeResolver~internal,dokkaJavadocGeneratorRuntimeResolver~internal
com.fasterxml.jackson.core:jackson-databind:2.12.7.1=dokkatooMkdocsGeneratorClasspathResolver
com.fasterxml.jackson.core:jackson-databind:2.15.3=dokkaHtmlGeneratorRuntimeResolver~internal,dokkaJavadocGeneratorRuntimeResolver~internal
com.fasterxml.jackson.dataformat:jackson-dataformat-xml:2.12.7=dokkatooMkdocsGeneratorClasspathResolver
com.fasterxml.jackson.dataformat:jackson-dataformat-xml:2.15.3=dokkaHtmlGeneratorRuntimeResolver~internal,dokkaJavadocGeneratorRuntimeResolver~internal
com.fasterxml.jackson.module:jackson-module-jaxb-annotations:2.12.7=dokkatooMkdocsGeneratorClasspathResolver
com.fasterxml.jackson.module:jackson-module-kotlin:2.12.7=dokkatooMkdocsGeneratorClasspathResolver
com.fasterxml.jackson.module:jackson-module-kotlin:2.15.3=dokkaHtmlGeneratorRuntimeResolver~internal,dokkaJavadocGeneratorRuntimeResolver~internal
com.fasterxml.jackson:jackson-bom:2.12.7=dokkatooMkdocsGeneratorClasspathResolver
com.fasterxml.jackson:jackson-bom:2.15.3=dokkaHtmlGeneratorRuntimeResolver~internal,dokkaJavadocGeneratorRuntimeResolver~internal
com.fasterxml.woodstox:woodstox-core:6.2.4=dokkatooMkdocsGeneratorClasspathResolver
com.fasterxml.woodstox:woodstox-core:6.5.1=dokkaHtmlGeneratorRuntimeResolver~internal,dokkaJavadocGeneratorRuntimeResolver~internal
com.github.docker-java:docker-java-api:3.4.2=integrationTestCompileClasspath,integrationTestRuntimeClasspath
com.github.docker-java:docker-java-transport-zerodep:3.4.2=integrationTestCompileClasspath,integrationTestRuntimeClasspath
com.github.docker-java:docker-java-transport:3.4.2=integrationTestCompileClasspath,integrationTestRuntimeClasspath
com.google.protobuf:protobuf-java:4.31.1=integrationTestCompileClasspath,integrationTestRuntimeClasspath
com.microsoft.sqlserver:mssql-jdbc:13.4.0.jre11=integrationTestCompileClasspath,integrationTestRuntimeClasspath
com.mysql:mysql-connector-j:26.7.0=integrationTestCompileClasspath,integrationTestRuntimeClasspath
com.oracle.database.jdbc:ojdbc11:23.26.0.0.0=integrationTestCompileClasspath,integrationTestRuntimeClasspath
com.pinterest.ktlint:ktlint-cli-reporter-baseline:1.0.1=ktlint,ktlintBaselineReporter
com.pinterest.ktlint:ktlint-cli-reporter-checkstyle:1.0.1=ktlint
com.pinterest.ktlint:ktlint-cli-reporter-core:1.0.1=ktlint,ktlintBaselineReporter
com.pinterest.ktlint:ktlint-cli-reporter-format:1.0.1=ktlint
com.pinterest.ktlint:ktlint-cli-reporter-html:1.0.1=ktlint
com.pinterest.ktlint:ktlint-cli-reporter-json:1.0.1=ktlint
com.pinterest.ktlint:ktlint-cli-reporter-plain-summary:1.0.1=ktlint
com.pinterest.ktlint:ktlint-cli-reporter-plain:1.0.1=ktlint
com.pinterest.ktlint:ktlint-cli-reporter-sarif:1.0.1=ktlint
com.pinterest.ktlint:ktlint-cli-ruleset-core:1.0.1=ktlint,ktlintRuleset
com.pinterest.ktlint:ktlint-cli:1.0.1=ktlint
com.pinterest.ktlint:ktlint-logger:1.0.1=ktlint,ktlintBaselineReporter,ktlintRuleset
com.pinterest.ktlint:ktlint-rule-engine-core:1.0.1=ktlint,ktlintBaselineReporter,ktlintRuleset
com.pinterest.ktlint:ktlint-rule-engine:1.0.1=ktlint
com.pinterest.ktlint:ktlint-ruleset-standard:1.0.1=ktlint,ktlintRuleset
com.soywiz.korlibs.korte:korte-jvm:4.0.10=dokkaJavadocGeneratorRuntimeResolver~internal
com.yugabyte:jdbc-yugabytedb:42.7.3-yb-4=integrationTestCompileClasspath,integrationTestRuntimeClasspath
dev.drewhamilton.poko:poko-annotations-jvm:0.15.0=ktlint,ktlintBaselineReporter,ktlintRuleset
dev.drewhamilton.poko:poko-annotations:0.15.0=ktlint,ktlintBaselineReporter,ktlintRuleset
dev.opensavvy.dokka.mkdocs:renderer:0.5.1=dokkatooMkdocsGeneratorClasspathResolver,dokkatooMkdocsPluginsClasspathIntransitiveResolver
info.picocli:picocli:4.7.5=ktlint
io.github.detekt.sarif4k:sarif4k-jvm:0.5.0=ktlint,ktlintReporter
io.github.detekt.sarif4k:sarif4k:0.5.0=ktlint,ktlintReporter
io.github.java-diff-utils:java-diff-utils:4.12=kotlinInternalAbiValidation
io.github.java-diff-utils:java-diff-utils:4.16=integrationTestRuntimeClasspath,testRuntimeClasspath
io.github.oshai:kotlin-logging-jvm:5.1.0=ktlint,ktlintBaselineReporter,ktlintReporter,ktlintRuleset
io.github.oshai:kotlin-logging:5.1.0=ktlint,ktlintBaselineReporter,ktlintReporter
io.kotest:kotest-assertions-core-jvm:6.1.10=integrationTestCompileClasspath,integrationTestRuntimeClasspath,testCompileClasspath,testRuntimeClasspath
io.kotest:kotest-assertions-core:6.1.10=integrationTestCompileClasspath,integrationTestRuntimeClasspath,testCompileClasspath,testRuntimeClasspath
io.kotest:kotest-assertions-shared-jvm:6.1.10=integrationTestCompileClasspath,integrationTestRuntimeClasspath,testCompileClasspath,testRuntimeClasspath
io.kotest:kotest-assertions-shared:6.1.10=integrationTestCompileClasspath,integrationTestRuntimeClasspath,testCompileClasspath,testRuntimeClasspath
io.kotest:kotest-common-jvm:6.1.10=integrationTestRuntimeClasspath,testRuntimeClasspath
io.kotest:kotest-common:6.1.10=integrationTestRuntimeClasspath,testRuntimeClasspath
io.mockk:mockk-agent-api-jvm:1.14.9=integrationTestCompileClasspath,integrationTestRuntimeClasspath,testCompileClasspath,testRuntimeClasspath
io.mockk:mockk-agent-api:1.14.9=integrationTestCompileClasspath,integrationTestRuntimeClasspath,testCompileClasspath,testRuntimeClasspath
io.mockk:mockk-agent-jvm:1.14.9=integrationTestCompileClasspath,integrationTestRuntimeClasspath,testCompileClasspath,testRuntimeClasspath
io.mockk:mockk-agent:1.14.9=integrationTestCompileClasspath,integrationTestRuntimeClasspath,testCompileClasspath,testRuntimeClasspath
io.mockk:mockk-core-jvm:1.14.9=integrationTestCompileClasspath,integrationTestRuntimeClasspath,testCompileClasspath,testRuntimeClasspath
io.mockk:mockk-core:1.14.9=integrationTestCompileClasspath,integrationTestRuntimeClasspath,testCompileClasspath,testRuntimeClasspath
io.mockk:mockk-dsl-jvm:1.14.9=integrationTestCompileClasspath,integrationTestRuntimeClasspath,testCompileClasspath,testRuntimeClasspath
io.mockk:mockk-dsl:1.14.9=integrationTestCompileClasspath,integrationTestRuntimeClasspath,testCompileClasspath,testRuntimeClasspath
io.mockk:mockk-jvm:1.14.9=integrationTestCompileClasspath,integrationTestRuntimeClasspath,testCompileClasspath,testRuntimeClasspath
io.mockk:mockk:1.14.9=integrationTestCompileClasspath,integrationTestRuntimeClasspath,testCompileClasspath,testRuntimeClasspath
it.unimi.dsi:fastutil-core:8.5.12=dokkatooMkdocsGeneratorClasspathResolver
jakarta.activation:jakarta.activation-api:1.2.1=dokkatooMkdocsGeneratorClasspathResolver
jakarta.xml.bind:jakarta.xml.bind-api:2.3.2=dokkatooMkdocsGeneratorClasspathResolver
junit:junit:4.13.2=integrationTestCompileClasspath,integrationTestRuntimeClasspath
net.bytebuddy:byte-buddy-agent:1.18.2=integrationTestCompileClasspath,integrationTestRuntimeClasspath,testCompileClasspath,testRuntimeClasspath
net.bytebuddy:byte-buddy:1.18.2=integrationTestCompileClasspath,integrationTestRuntimeClasspath,testCompileClasspath,testRuntimeClasspath
net.java.dev.jna:jna:5.13.0=integrationTestCompileClasspath,integrationTestRuntimeClasspath
org.apache.commons:commons-compress:1.24.0=integrationTestCompileClasspath,integrationTestRuntimeClasspath
org.apiguardian:apiguardian-api:1.1.2=integrationTestCompileClasspath,testCompileClasspath
org.bouncycastle:bcpg-jdk18on:1.80=kotlinBouncyCastleConfiguration
org.bouncycastle:bcpkix-jdk18on:1.80=kotlinBouncyCastleConfiguration
org.bouncycastle:bcprov-jdk18on:1.80.2=kotlinBouncyCastleConfiguration
org.bouncycastle:bcutil-jdk18on:1.80.2=kotlinBouncyCastleConfiguration
org.checkerframework:checker-qual:3.55.1=integrationTestRuntimeClasspath
org.codehaus.woodstox:stax2-api:4.2.1=dokkaHtmlGeneratorRuntimeResolver~internal,dokkaJavadocGeneratorRuntimeResolver~internal,dokkatooMkdocsGeneratorClasspathResolver
org.duckdb:duckdb_jdbc:1.5.1.0=integrationTestCompileClasspath,integrationTestRuntimeClasspath
org.ec4j.core:ec4j-core:0.3.0=ktlint,ktlintBaselineReporter,ktlintRuleset
org.firebirdsql.jdbc:jaybird:5.0.6.java11=integrationTestCompileClasspath,integrationTestRuntimeClasspath
org.freemarker:freemarker:2.3.32=dokkaHtmlGeneratorRuntimeResolver~internal,dokkaJavadocGeneratorRuntimeResolver~internal,dokkatooMkdocsGeneratorClasspathResolver
org.hamcrest:hamcrest-core:1.3=integrationTestCompileClasspath,integrationTestRuntimeClasspath
org.jetbrains.dokka:analysis-kotlin-descriptors:1.9.20=dokkatooMkdocsGeneratorClasspathResolver
org.jetbrains.dokka:analysis-kotlin-symbols:2.2.0=dokkaHtmlGeneratorRuntimeResolver~internal,dokkaJavadocGeneratorRuntimeResolver~internal
org.jetbrains.dokka:analysis-markdown:1.9.20=dokkatooMkdocsGeneratorClasspathResolver
org.jetbrains.dokka:analysis-markdown:2.2.0=dokkaHtmlGeneratorRuntimeResolver~internal,dokkaJavadocGeneratorRuntimeResolver~internal
org.jetbrains.dokka:dokka-base:1.9.20=dokkatooMkdocsGeneratorClasspathResolver,dokkatooMkdocsPluginsClasspathIntransitiveResolver
org.jetbrains.dokka:dokka-base:2.2.0=dokkaHtmlGeneratorRuntimeResolver~internal,dokkaHtmlPluginIntransitiveResolver~internal,dokkaJavadocGeneratorRuntimeResolver~internal,dokkaJavadocPluginIntransitiveResolver~internal
org.jetbrains.dokka:dokka-core:1.9.20=dokkatooMkdocsGeneratorClasspathResolver
org.jetbrains.dokka:dokka-core:2.2.0=dokkaHtmlGeneratorRuntimeResolver~internal,dokkaJavadocGeneratorRuntimeResolver~internal
org.jetbrains.dokka:javadoc-plugin:2.2.0=dokkaJavadocGeneratorRuntimeResolver~internal,dokkaJavadocPluginIntransitiveResolver~internal
org.jetbrains.dokka:kotlin-as-java-plugin:2.2.0=dokkaJavadocGeneratorRuntimeResolver~internal
org.jetbrains.dokka:templating-plugin:1.9.20=dokkatooMkdocsGeneratorClasspathResolver,dokkatooMkdocsPluginsClasspathIntransitiveResolver
org.jetbrains.dokka:templating-plugin:2.2.0=dokkaHtmlGeneratorRuntimeResolver~internal,dokkaHtmlPluginIntransitiveResolver~internal,dokkaJavadocGeneratorRuntimeResolver~internal,dokkaJavadocPluginIntransitiveResolver~internal
org.jetbrains.intellij.deps:trove4j:1.0.20200330=ktlint,ktlintBaselineReporter,ktlintRuleset
org.jetbrains.kotlin:abi-tools-api:2.3.20=kotlinInternalAbiValidation
org.jetbrains.kotlin:abi-tools:2.3.20=kotlinInternalAbiValidation
org.jetbrains.kotlin:kotlin-build-tools-api:2.3.20=kotlinBuildToolsApiClasspath,kotlinCompilerClasspath
org.jetbrains.kotlin:kotlin-build-tools-compat:2.3.20=kotlinBuildToolsApiClasspath,kotlinCompilerClasspath
org.jetbrains.kotlin:kotlin-build-tools-cri-impl:2.3.20=kotlinBuildToolsApiClasspath,kotlinCompilerClasspath
org.jetbrains.kotlin:kotlin-build-tools-impl:2.3.20=kotlinBuildToolsApiClasspath,kotlinCompilerClasspath
org.jetbrains.kotlin:kotlin-compiler-embeddable:1.9.10=ktlint,ktlintBaselineReporter,ktlintRuleset
org.jetbrains.kotlin:kotlin-compiler-embeddable:2.3.20=kotlinBuildToolsApiClasspath,kotlinCompilerClasspath,kotlinKlibCommonizerClasspath
org.jetbrains.kotlin:kotlin-compiler-runner:2.3.20=kotlinBuildToolsApiClasspath,kotlinCompilerClasspath
org.jetbrains.kotlin:kotlin-daemon-client:2.3.20=kotlinBuildToolsApiClasspath,kotlinCompilerClasspath
org.jetbrains.kotlin:kotlin-daemon-embeddable:1.9.10=ktlint,ktlintBaselineReporter,ktlintRuleset
org.jetbrains.kotlin:kotlin-daemon-embeddable:2.3.20=kotlinBuildToolsApiClasspath,kotlinCompilerClasspath,kotlinKlibCommonizerClasspath
org.jetbrains.kotlin:kotlin-klib-abi-reader:2.3.20=kotlinInternalAbiValidation
org.jetbrains.kotlin:kotlin-klib-commonizer-embeddable:2.3.20=kotlinKlibCommonizerClasspath
org.jetbrains.kotlin:kotlin-metadata-jvm:2.3.20=kotlinInternalAbiValidation
org.jetbrains.kotlin:kotlin-reflect:1.6.10=kotlinBuildToolsApiClasspath,kotlinCompilerClasspath,kotlinKlibCommonizerClasspath,ktlint,ktlintBaselineReporter,ktlintRuleset
org.jetbrains.kotlin:kotlin-reflect:1.9.22=dokkatooMkdocsGeneratorClasspathResolver
org.jetbrains.kotlin:kotlin-reflect:2.0.21=dokkaHtmlGeneratorRuntimeResolver~internal,dokkaJavadocGeneratorRuntimeResolver~internal
org.jetbrains.kotlin:kotlin-reflect:2.3.20=compileClasspath,integrationTestCompileClasspath,integrationTestRuntimeClasspath,runtimeClasspath,testCompileClasspath,testRuntimeClasspath
org.jetbrains.kotlin:kotlin-script-runtime:1.9.10=ktlint,ktlintBaselineReporter,ktlintRuleset
org.jetbrains.kotlin:kotlin-script-runtime:2.3.20=kotlinBuildToolsApiClasspath,kotlinCompilerClasspath,kotlinCompilerPluginClasspathIntegrationTest,kotlinCompilerPluginClasspathMain,kotlinCompilerPluginClasspathTest,kotlinKlibCommonizerClasspath
org.jetbrains.kotlin:kotlin-scripting-common:2.3.20=kotlinCompilerPluginClasspathIntegrationTest,kotlinCompilerPluginClasspathMain,kotlinCompilerPluginClasspathTest
org.jetbrains.kotlin:kotlin-scripting-compiler-embeddable:2.3.20=kotlinCompilerPluginClasspathIntegrationTest,kotlinCompilerPluginClasspathMain,kotlinCompilerPluginClasspathTest
org.jetbrains.kotlin:kotlin-scripting-compiler-impl-embeddable:2.3.20=kotlinCompilerPluginClasspathIntegrationTest,kotlinCompilerPluginClasspathMain,kotlinCompilerPluginClasspathTest
org.jetbrains.kotlin:kotlin-scripting-jvm:2.3.20=kotlinCompilerPluginClasspathIntegrationTest,kotlinCompilerPluginClasspathMain,kotlinCompilerPluginClasspathTest
org.jetbrains.kotlin:kotlin-stdlib-common:1.9.10=ktlint,ktlintBaselineReporter,ktlintReporter,ktlintRuleset
org.jetbrains.kotlin:kotlin-stdlib-common:2.0.21=dokkaHtmlGeneratorRuntimeResolver~internal,dokkaJavadocGeneratorRuntimeResolver~internal
org.jetbrains.kotlin:kotlin-stdlib-common:2.1.20=dokkatooMkdocsGeneratorClasspathResolver
org.jetbrains.kotlin:kotlin-stdlib-jdk7:1.8.20=dokkaHtmlGeneratorRuntimeResolver~internal
org.jetbrains.kotlin:kotlin-stdlib-jdk7:1.9.0=dokkaJavadocGeneratorRuntimeResolver~internal,dokkatooMkdocsGeneratorClasspathResolver
org.jetbrains.kotlin:kotlin-stdlib-jdk7:1.9.10=ktlint,ktlintBaselineReporter,ktlintReporter,ktlintRuleset
org.jetbrains.kotlin:kotlin-stdlib-jdk8:1.8.20=dokkaHtmlGeneratorRuntimeResolver~internal
org.jetbrains.kotlin:kotlin-stdlib-jdk8:1.9.0=dokkaJavadocGeneratorRuntimeResolver~internal,dokkatooMkdocsGeneratorClasspathResolver
org.jetbrains.kotlin:kotlin-stdlib-jdk8:1.9.10=ktlint,ktlintBaselineReporter,ktlintReporter,ktlintRuleset
org.jetbrains.kotlin:kotlin-stdlib:1.9.10=ktlint,ktlintBaselineReporter,ktlintReporter,ktlintRuleset
org.jetbrains.kotlin:kotlin-stdlib:2.0.21=dokkaHtmlGeneratorRuntimeResolver~internal,dokkaJavadocGeneratorRuntimeResolver~internal
org.jetbrains.kotlin:kotlin-stdlib:2.1.20=dokkatooMkdocsGeneratorClasspathResolver
org.jetbrains.kotlin:kotlin-stdlib:2.3.20=compileClasspath,integrationTestCompileClasspath,integrationTestRuntimeClasspath,kotlinBuildToolsApiClasspath,kotlinCompilerClasspath,kotlinCompilerPluginClasspathIntegrationTest,kotlinCompilerPluginClasspathMain,kotlinCompilerPluginClasspathTest,kotlinInternalAbiValidation,kotlinKlibCommonizerClasspath,runtimeClasspath,testCompileClasspath,testRuntimeClasspath
org.jetbrains.kotlin:kotlin-tooling-core:2.3.20=kotlinBuildToolsApiClasspath,kotlinCompilerClasspath
org.jetbrains.kotlinx:kotlinx-coroutines-bom:1.10.1=dokkatooMkdocsGeneratorClasspathResolver
org.jetbrains.kotlinx:kotlinx-coroutines-bom:1.10.2=integrationTestRuntimeClasspath,testRuntimeClasspath
org.jetbrains.kotlinx:kotlinx-coroutines-bom:1.7.3=dokkaHtmlGeneratorRuntimeResolver~internal,dokkaJavadocGeneratorRuntimeResolver~internal
org.jetbrains.kotlinx:kotlinx-coroutines-core-jvm:1.10.1=dokkatooMkdocsGeneratorClasspathResolver
org.jetbrains.kotlinx:kotlinx-coroutines-core-jvm:1.10.2=integrationTestRuntimeClasspath,testRuntimeClasspath
org.jetbrains.kotlinx:kotlinx-coroutines-core-jvm:1.7.3=dokkaHtmlGeneratorRuntimeResolver~internal,dokkaJavadocGeneratorRuntimeResolver~internal
org.jetbrains.kotlinx:kotlinx-coroutines-core-jvm:1.8.0=kotlinBuildToolsApiClasspath,kotlinCompilerClasspath,kotlinKlibCommonizerClasspath
org.jetbrains.kotlinx:kotlinx-coroutines-core:1.10.1=dokkatooMkdocsGeneratorClasspathResolver
org.jetbrains.kotlinx:kotlinx-coroutines-core:1.10.2=integrationTestRuntimeClasspath,testRuntimeClasspath
org.jetbrains.kotlinx:kotlinx-coroutines-core:1.7.3=dokkaHtmlGeneratorRuntimeResolver~internal,dokkaJavadocGeneratorRuntimeResolver~internal
org.jetbrains.kotlinx:kotlinx-coroutines-jdk8:1.10.2=integrationTestRuntimeClasspath,testRuntimeClasspath
org.jetbrains.kotlinx:kotlinx-coroutines-test-jvm:1.10.2=integrationTestRuntimeClasspath,testRuntimeClasspath
org.jetbrains.kotlinx:kotlinx-coroutines-test:1.10.2=integrationTestRuntimeClasspath,testRuntimeClasspath
org.jetbrains.kotlinx:kotlinx-html-jvm:0.9.1=dokkaHtmlGeneratorRuntimeResolver~internal,dokkaJavadocGeneratorRuntimeResolver~internal,dokkatooMkdocsGeneratorClasspathResolver
org.jetbrains.kotlinx:kotlinx-html:0.9.1=dokkatooMkdocsGeneratorClasspathResolver
org.jetbrains.kotlinx:kotlinx-serialization-core-jvm:1.4.1=ktlintReporter
org.jetbrains.kotlinx:kotlinx-serialization-core:1.4.1=ktlintReporter
org.jetbrains.kotlinx:kotlinx-serialization-json-jvm:1.4.1=ktlintReporter
org.jetbrains.kotlinx:kotlinx-serialization-json:1.4.1=ktlintReporter
org.jetbrains.kotlinx:kover-jvm-agent:0.9.8=koverJvmAgent,koverJvmReporter
org.jetbrains:annotations:13.0=compileClasspath,kotlinBuildToolsApiClasspath,kotlinCompilerClasspath,kotlinCompilerPluginClasspathIntegrationTest,kotlinCompilerPluginClasspathMain,kotlinCompilerPluginClasspathTest,kotlinInternalAbiValidation,kotlinKlibCommonizerClasspath,ktlint,ktlintBaselineReporter,ktlintReporter,ktlintRuleset,runtimeClasspath,testCompileClasspath
org.jetbrains:annotations:17.0.0=integrationTestCompileClasspath
org.jetbrains:annotations:23.0.0=dokkaHtmlGeneratorRuntimeResolver~internal,dokkaJavadocGeneratorRuntimeResolver~internal,dokkatooMkdocsGeneratorClasspathResolver,integrationTestRuntimeClasspath,testRuntimeClasspath
org.jetbrains:markdown-jvm:0.5.2=dokkatooMkdocsGeneratorClasspathResolver
org.jetbrains:markdown-jvm:0.7.3=dokkaHtmlGeneratorRuntimeResolver~internal,dokkaJavadocGeneratorRuntimeResolver~internal
org.jetbrains:markdown:0.5.2=dokkatooMkdocsGeneratorClasspathResolver
org.jetbrains:markdown:0.7.3=dokkaHtmlGeneratorRuntimeResolver~internal,dokkaJavadocGeneratorRuntimeResolver~internal
org.jsoup:jsoup:1.16.1=dokkaHtmlGeneratorRuntimeResolver~internal,dokkaJavadocGeneratorRuntimeResolver~internal,dokkatooMkdocsGeneratorClasspathResolver
org.jspecify:jspecify:1.0.0=integrationTestCompileClasspath,testCompileClasspath
org.junit.jupiter:junit-jupiter-api:6.0.3=integrationTestCompileClasspath,integrationTestRuntimeClasspath,testCompileClasspath,testRuntimeClasspath
org.junit.jupiter:junit-jupiter-engine:6.0.3=integrationTestRuntimeClasspath,testRuntimeClasspath
org.junit.jupiter:junit-jupiter-params:6.0.3=integrationTestCompileClasspath,integrationTestRuntimeClasspath,testCompileClasspath,testRuntimeClasspath
org.junit.jupiter:junit-jupiter:6.0.3=integrationTestCompileClasspath,integrationTestRuntimeClasspath,testCompileClasspath,testRuntimeClasspath
org.junit.platform:junit-platform-commons:6.0.3=integrationTestCompileClasspath,integrationTestRuntimeClasspath,testCompileClasspath,testRuntimeClasspath
org.junit.platform:junit-platform-engine:6.0.3=integrationTestRuntimeClasspath,testRuntimeClasspath
org.junit.platform:junit-platform-launcher:6.0.3=integrationTestRuntimeClasspath,testRuntimeClasspath
org.junit:junit-bom:6.0.3=integrationTestCompileClasspath,integrationTestRuntimeClasspath,testCompileClasspath,testRuntimeClasspath
org.mariadb.jdbc:mariadb-java-client:3.5.3=integrationTestCompileClasspath,integrationTestRuntimeClasspath
org.mockito:mockito-core:5.23.0=testCompileClasspath,testRuntimeClasspath
org.objenesis:objenesis:3.4=integrationTestCompileClasspath,integrationTestRuntimeClasspath,testCompileClasspath,testRuntimeClasspath
org.opentest4j:opentest4j:1.3.0=integrationTestCompileClasspath,integrationTestRuntimeClasspath,testCompileClasspath,testRuntimeClasspath
org.postgresql:postgresql:42.7.13=integrationTestCompileClasspath,integrationTestRuntimeClasspath
org.rnorth.duct-tape:duct-tape:1.0.8=integrationTestCompileClasspath,integrationTestRuntimeClasspath
org.slf4j:slf4j-api:2.0.17=compileClasspath,integrationTestCompileClasspath,integrationTestRuntimeClasspath,runtimeClasspath,testCompileClasspath,testRuntimeClasspath
org.slf4j:slf4j-api:2.0.4=ktlint
org.slf4j:slf4j-simple:2.0.17=integrationTestRuntimeClasspath,testRuntimeClasspath
org.testcontainers:cockroachdb:1.21.4=integrationTestCompileClasspath,integrationTestRuntimeClasspath
org.testcontainers:database-commons:1.21.4=integrationTestCompileClasspath,integrationTestRuntimeClasspath
org.testcontainers:jdbc:1.21.4=integrationTestCompileClasspath,integrationTestRuntimeClasspath
org.testcontainers:junit-jupiter:1.21.4=integrationTestCompileClasspath,integrationTestRuntimeClasspath
org.testcontainers:mariadb:1.21.4=integrationTestCompileClasspath,integrationTestRuntimeClasspath
org.testcontainers:mssqlserver:1.21.4=integrationTestCompileClasspath,integrationTestRuntimeClasspath
org.testcontainers:mysql:1.21.4=integrationTestCompileClasspath,integrationTestRuntimeClasspath
org.testcontainers:oracle-free:1.21.4=integrationTestCompileClasspath,integrationTestRuntimeClasspath
org.testcontainers:postgresql:1.21.4=integrationTestCompileClasspath,integrationTestRuntimeClasspath
org.testcontainers:testcontainers:1.21.4=integrationTestCompileClasspath,integrationTestRuntimeClasspath
org.testcontainers:yugabytedb:1.21.4=integrationTestCompileClasspath,integrationTestRuntimeClasspath
org.xerial:sqlite-jdbc:3.51.2.0=integrationTestCompileClasspath,integrationTestRuntimeClasspath
empty=annotationProcessor,dokkaHtmlModuleOutputDirectoriesResolver~internal,dokkaHtmlPublicationPluginResolver~internal,dokkaJavadocModuleOutputDirectoriesResolver~internal,dokkaJavadocPublicationPluginResolver~internal,dokkatooMkdocsModuleOutputDirectoriesResolver,dokkatooMkdocsPublicationPluginClasspathResolver,implementationDependenciesMetadata,integrationTestAnnotationProcessor,integrationTestImplementationDependenciesMetadata,integrationTestKotlinScriptDefExtensions,kotlinCompilerPluginClasspath,kotlinNativeCompilerPluginClasspath,kotlinScriptDefExtensions,koverExternalArtifacts,koverExternalArtifactsJvm,testAnnotationProcessor,testImplementationDependenciesMetadata,testKotlinScriptDefExtensions
